{
  "lockfileVersion": 1,
  "configVersion": 1,
  "workspaces": {
    "": {
      "name": "aza-pg",
      "devDependencies": {
        "@bun-security-scanner/osv": "^1.0.0",
        "@pgflow/client": "0.13.1",
        "@pgflow/dsl": "0.13.1",
        "@types/bun": "^1.3.6",
        "arktype": "^2.1.29",
        "bun-git-hooks": "^0.3.1",
        "oxlint": "^1.39.0",
        "prettier": "^3.8.0",
        "sql-formatter": "^15.7.0",
        "squawk-cli": "^2.36.0",
        "typescript": "^5.9.3",
      },
    },
  },
  "trustedDependencies": [
    "squawk-cli",
  ],
  "packages": {
    "@ark/schema": ["@ark/schema@0.56.0", "", { "dependencies": { "@ark/util": "0.56.0" } }, "sha512-ECg3hox/6Z/nLajxXqNhgPtNdHWC9zNsDyskwO28WinoFEnWow4IsERNz9AnXRhTZJnYIlAJ4uGn3nlLk65vZA=="],

    "@ark/util": ["@ark/util@0.56.0", "", {}, "sha512-BghfRC8b9pNs3vBoDJhcta0/c1J1rsoS1+HgVUreMFPdhz/CRAKReAu57YEllNaSy98rWAdY1gE+gFup7OXpgA=="],

    "@bun-security-scanner/osv": ["@bun-security-scanner/osv@1.0.0", "", { "dependencies": { "zod": "^4.1.12" } }, "sha512-hHtsD2VyaF5JGCzJp3pGXykgNyOFQUuG8qJ7TJ5OfNl7xfPO2AnER1aGx/PzvLFJVJI6Qsj+oUt/5vpcdMK8oQ=="],

    "@oxlint/darwin-arm64": ["@oxlint/darwin-arm64@1.39.0", "", { "os": "darwin", "cpu": "arm64" }, "sha512-lT3hNhIa02xCujI6YGgjmYGg3Ht/X9ag5ipUVETaMpx5Rd4BbTNWUPif1WN1YZHxt3KLCIqaAe7zVhatv83HOQ=="],

    "@oxlint/darwin-x64": ["@oxlint/darwin-x64@1.39.0", "", { "os": "darwin", "cpu": "x64" }, "sha512-UT+rfTWd+Yr7iJeSLd/7nF8X4gTYssKh+n77hxl6Oilp3NnG1CKRHxZDy3o3lIBnwgzJkdyUAiYWO1bTMXQ1lA=="],

    "@oxlint/linux-arm64-gnu": ["@oxlint/linux-arm64-gnu@1.39.0", "", { "os": "linux", "cpu": "arm64" }, "sha512-qocBkvS2V6rH0t9AT3DfQunMnj3xkM7srs5/Ycj2j5ZqMoaWd/FxHNVJDFP++35roKSvsRJoS0mtA8/77jqm6Q=="],

    "@oxlint/linux-arm64-musl": ["@oxlint/linux-arm64-musl@1.39.0", "", { "os": "linux", "cpu": "arm64" }, "sha512-arZzAc1PPcz9epvGBBCMHICeyQloKtHX3eoOe62B3Dskn7gf6Q14wnDHr1r9Vp4vtcBATNq6HlKV14smdlC/qA=="],

    "@oxlint/linux-x64-gnu": ["@oxlint/linux-x64-gnu@1.39.0", "", { "os": "linux", "cpu": "x64" }, "sha512-ZVt5qsECpuNprdWxAPpDBwoixr1VTcZ4qAEQA2l/wmFyVPDYFD3oBY/SWACNnWBddMrswjTg9O8ALxYWoEpmXw=="],

    "@oxlint/linux-x64-musl": ["@oxlint/linux-x64-musl@1.39.0", "", { "os": "linux", "cpu": "x64" }, "sha512-pB0hlGyKPbxr9NMIV783lD6cWL3MpaqnZRM9MWni4yBdHPTKyFNYdg5hGD0Bwg+UP4S2rOevq/+OO9x9Bi7E6g=="],

    "@oxlint/win32-arm64": ["@oxlint/win32-arm64@1.39.0", "", { "os": "win32", "cpu": "arm64" }, "sha512-Gg2SFaJohI9+tIQVKXlPw3FsPQFi/eCSWiCgwPtPn5uzQxHRTeQEZKuluz1fuzR5U70TXubb2liZi4Dgl8LJQA=="],

    "@oxlint/win32-x64": ["@oxlint/win32-x64@1.39.0", "", { "os": "win32", "cpu": "x64" }, "sha512-sbi25lfj74hH+6qQtb7s1wEvd1j8OQbTaH8v3xTcDjrwm579Cyh0HBv1YSZ2+gsnVwfVDiCTL1D0JsNqYXszVA=="],

    "@pgflow/client": ["@pgflow/client@0.13.1", "", { "dependencies": { "@pgflow/core": "0.13.1", "@pgflow/dsl": "0.13.1", "@supabase/supabase-js": "^2.49.4", "nanoevents": "^7.0.1", "uuid": "^9.0.0" } }, "sha512-j20daj6hYbQDUj7+6TIg0I1cPE2wD0DtgwL+v0BMWmOIRpXBKhMqLwqlBt+J+x98cnFt/Qt79QLVGU6anYWU8Q=="],

    "@pgflow/core": ["@pgflow/core@0.13.1", "", { "dependencies": { "@pgflow/dsl": "0.13.1", "postgres": "^3.4.5" } }, "sha512-enBjNinBv9YwEpwyPGc+jRhEoqhONSViMCn/c5co2aC7AH1HbOa9GR2CZTYMdiz583FfI1jQ9mAn7n5N45saGQ=="],

    "@pgflow/dsl": ["@pgflow/dsl@0.13.1", "", {}, "sha512-YUulVm/Xkpg1kWqckykpolBAAcnJZrrRjBykh7PrTyNNMapwFUzP8IKxTghRXYXsdSShshnPJr31675K3Hc7oA=="],

    "@supabase/auth-js": ["@supabase/auth-js@2.85.0", "", { "dependencies": { "tslib": "2.8.1" } }, "sha512-SzHoGgR9lPiHrPF2k5uBfMvBmLtMFAEcbB13XRKdyiDVt+CXAxP8cy+DAtTfE2hA7OFTQ9ZZebnI+vre4EAVRQ=="],

    "@supabase/functions-js": ["@supabase/functions-js@2.85.0", "", { "dependencies": { "tslib": "2.8.1" } }, "sha512-iWBTCl7hj90PMbTwF6T39eJZNUHidvrHMAH3GHY5hMWJqt0blzpYlihcXpzyr8i9nG0pQwQSzyCOpqzmeKZDMA=="],

    "@supabase/postgrest-js": ["@supabase/postgrest-js@2.85.0", "", { "dependencies": { "tslib": "2.8.1" } }, "sha512-x2RK81RzVdZA2WAlbmZzR2Mowl13GOCTG20QKzhksYrXZCM6V/Pi+d1CQXjOCmjbLgM4btLpXgy+xkZidmnzqg=="],

    "@supabase/realtime-js": ["@supabase/realtime-js@2.85.0", "", { "dependencies": { "@types/phoenix": "^1.6.6", "@types/ws": "^8.18.1", "tslib": "2.8.1", "ws": "^8.18.2" } }, "sha512-bUQXuZjvZaNN8ySRcXHK+lxbO9VKE2FErT8R2DqhzPwM1cr3NVb3/cr5mke0JsZxpwaIeOOfe4rOsgPNxnPTNA=="],

    "@supabase/storage-js": ["@supabase/storage-js@2.85.0", "", { "dependencies": { "tslib": "2.8.1" } }, "sha512-n+XtubmOnM2/8wthauMlCJLu8a7YUTDnCkMcKhty5Y8qcVpYtfBOruV9/Akvh1cl6SwPDs2cWjD6nBKTd7lPNQ=="],

    "@supabase/supabase-js": ["@supabase/supabase-js@2.85.0", "", { "dependencies": { "@supabase/auth-js": "2.85.0", "@supabase/functions-js": "2.85.0", "@supabase/postgrest-js": "2.85.0", "@supabase/realtime-js": "2.85.0", "@supabase/storage-js": "2.85.0" } }, "sha512-eTu28YKZ6te7Gv9KeDIVo+2/gibYudPng6iW4NovbaAlbRfar6hb2RCdOiJ84hk8O4ERgXgqJCe9hAx5JaZW+A=="],

    "@types/bun": ["@types/bun@1.3.6", "", { "dependencies": { "bun-types": "1.3.6" } }, "sha512-uWCv6FO/8LcpREhenN1d1b6fcspAB+cefwD7uti8C8VffIv0Um08TKMn98FynpTiU38+y2dUO55T11NgDt8VAA=="],

    "@types/node": ["@types/node@24.10.1", "", { "dependencies": { "undici-types": "~7.16.0" } }, "sha512-GNWcUTRBgIRJD5zj+Tq0fKOJ5XZajIiBroOF0yvj2bSU1WvNdYS/dn9UxwsujGW4JX06dnHyjV2y9rRaybH0iQ=="],

    "@types/phoenix": ["@types/phoenix@1.6.6", "", {}, "sha512-PIzZZlEppgrpoT2QgbnDU+MMzuR6BbCjllj0bM70lWoejMeNJAxCchxnv7J3XFkI8MpygtRpzXrIlmWUBclP5A=="],

    "@types/ws": ["@types/ws@8.18.1", "", { "dependencies": { "@types/node": "*" } }, "sha512-ThVF6DCVhA8kUGy+aazFQ4kXQ7E1Ty7A3ypFOe0IcJV8O/M511G99AW24irKrW56Wt44yG9+ij8FaqoBGkuBXg=="],

    "argparse": ["argparse@2.0.1", "", {}, "sha512-8+9WqebbFzpX9OR+Wa6O29asIogeRMzcGtAINdpMHHyAg10f05aSFVBbcEqGf/PXw1EjAZ+q2/bEBg3DvurK3Q=="],

    "arkregex": ["arkregex@0.0.5", "", { "dependencies": { "@ark/util": "0.56.0" } }, "sha512-ncYjBdLlh5/QnVsAA8De16Tc9EqmYM7y/WU9j+236KcyYNUXogpz3sC4ATIZYzzLxwI+0sEOaQLEmLmRleaEXw=="],

    "arktype": ["arktype@2.1.29", "", { "dependencies": { "@ark/schema": "0.56.0", "@ark/util": "0.56.0", "arkregex": "0.0.5" } }, "sha512-jyfKk4xIOzvYNayqnD8ZJQqOwcrTOUbIU4293yrzAjA3O1dWh61j71ArMQ6tS/u4pD7vabSPe7nG3RCyoXW6RQ=="],

    "bun-git-hooks": ["bun-git-hooks@0.3.1", "", { "bin": { "git-hooks": "dist/bin/cli.js", "bun-git-hooks": "dist/bin/cli.js" } }, "sha512-Xs/QUqIYgBmLHSVr5VBLVbM5lZbUoAXKX2WZyoQDb2LlzcxC3BpBvMkMTQH75UuOJZwaRBq8yEe4IR6NckqdgQ=="],

    "bun-types": ["bun-types@1.3.6", "", { "dependencies": { "@types/node": "*" } }, "sha512-OlFwHcnNV99r//9v5IIOgQ9Uk37gZqrNMCcqEaExdkVq3Avwqok1bJFmvGMCkCE0FqzdY8VMOZpfpR3lwI+CsQ=="],

    "commander": ["commander@2.20.3", "", {}, "sha512-GpVkmM8vF2vQUkj2LvZmD35JxeJOLCwJ9cUkugyk2nuhbv3+mJvpLYYt+0+USMxE+oj+ey/lJEnhZw75x/OMcQ=="],

    "discontinuous-range": ["discontinuous-range@1.0.0", "", {}, "sha512-c68LpLbO+7kP/b1Hr1qs8/BJ09F5khZGTxqxZuhzxpmwJKOgRFHJWIb9/KmqnqHhLdO55aOxFH/EGBvUQbL/RQ=="],

    "moo": ["moo@0.5.2", "", {}, "sha512-iSAJLHYKnX41mKcJKjqvnAN9sf0LMDTXDEvFv+ffuRR9a1MIuXLjMNL6EsnDHSkKLTWNqQQ5uo61P4EbU4NU+Q=="],

    "nanoevents": ["nanoevents@7.0.1", "", {}, "sha512-o6lpKiCxLeijK4hgsqfR6CNToPyRU3keKyyI6uwuHRvpRTbZ0wXw51WRgyldVugZqoJfkGFrjrIenYH3bfEO3Q=="],

    "nearley": ["nearley@2.20.1", "", { "dependencies": { "commander": "^2.19.0", "moo": "^0.5.0", "railroad-diagrams": "^1.0.0", "randexp": "0.4.6" }, "bin": { "nearleyc": "bin/nearleyc.js", "nearley-test": "bin/nearley-test.js", "nearley-unparse": "bin/nearley-unparse.js", "nearley-railroad": "bin/nearley-railroad.js" } }, "sha512-+Mc8UaAebFzgV+KpI5n7DasuuQCHA89dmwm7JXw3TV43ukfNQ9DnBH3Mdb2g/I4Fdxc26pwimBWvjIw0UAILSQ=="],

    "node-fetch": ["node-fetch@2.6.7", "", { "dependencies": { "whatwg-url": "^5.0.0" }, "peerDependencies": { "encoding": "^0.1.0" }, "optionalPeers": ["encoding"] }, "sha512-ZjMPFEfVx5j+y2yF35Kzx5sF7kDzxuDj6ziH4FFbOp87zKDZNx8yExJIb05OGF4Nlt9IHFIMBkRl41VdvcNdbQ=="],

    "oxlint": ["oxlint@1.39.0", "", { "optionalDependencies": { "@oxlint/darwin-arm64": "1.39.0", "@oxlint/darwin-x64": "1.39.0", "@oxlint/linux-arm64-gnu": "1.39.0", "@oxlint/linux-arm64-musl": "1.39.0", "@oxlint/linux-x64-gnu": "1.39.0", "@oxlint/linux-x64-musl": "1.39.0", "@oxlint/win32-arm64": "1.39.0", "@oxlint/win32-x64": "1.39.0" }, "peerDependencies": { "oxlint-tsgolint": ">=0.10.0" }, "optionalPeers": ["oxlint-tsgolint"], "bin": { "oxlint": "bin/oxlint" } }, "sha512-wSiLr0wjG+KTU6c1LpVoQk7JZ7l8HCKlAkVDVTJKWmCGazsNxexxnOXl7dsar92mQcRnzko5g077ggP3RINSjA=="],

    "postgres": ["postgres@3.4.7", "", {}, "sha512-Jtc2612XINuBjIl/QTWsV5UvE8UHuNblcO3vVADSrKsrc6RqGX6lOW1cEo3CM2v0XG4Nat8nI+YM7/f26VxXLw=="],

    "prettier": ["prettier@3.8.0", "", { "bin": { "prettier": "bin/prettier.cjs" } }, "sha512-yEPsovQfpxYfgWNhCfECjG5AQaO+K3dp6XERmOepyPDVqcJm+bjyCVO3pmU+nAPe0N5dDvekfGezt/EIiRe1TA=="],

    "railroad-diagrams": ["railroad-diagrams@1.0.0", "", {}, "sha512-cz93DjNeLY0idrCNOH6PviZGRN9GJhsdm9hpn1YCS879fj4W+x5IFJhhkRZcwVgMmFF7R82UA/7Oh+R8lLZg6A=="],

    "randexp": ["randexp@0.4.6", "", { "dependencies": { "discontinuous-range": "1.0.0", "ret": "~0.1.10" } }, "sha512-80WNmd9DA0tmZrw9qQa62GPPWfuXJknrmVmLcxvq4uZBdYqb1wYoKTmnlGUchvVWe0XiLupYkBoXVOxz3C8DYQ=="],

    "ret": ["ret@0.1.15", "", {}, "sha512-TTlYpa+OL+vMMNG24xSlQGEJ3B/RzEfUlLct7b5G/ytav+wPrplCpVMFuwzXbkecJrb6IYo1iFb0S9v37754mg=="],

    "sql-formatter": ["sql-formatter@15.7.0", "", { "dependencies": { "argparse": "^2.0.1", "nearley": "^2.20.1" }, "bin": { "sql-formatter": "bin/sql-formatter-cli.cjs" } }, "sha512-o2yiy7fYXK1HvzA8P6wwj8QSuwG3e/XcpWht/jIxkQX99c0SVPw0OXdLSV9fHASPiYB09HLA0uq8hokGydi/QA=="],

    "squawk-cli": ["squawk-cli@2.36.0", "", { "dependencies": { "node-fetch": "2.6.7" }, "bin": { "squawk": "js/bin/squawk" } }, "sha512-DYj2fM3GEPaSq6kX1FhduB7DqAlDbE59w/PMg6MS3RhoaLX9LB0cjnfkmQNs/2WelAb59JbhD84ySRvurA7y2g=="],

    "tr46": ["tr46@0.0.3", "", {}, "sha512-N3WMsuqV66lT30CrXNbEjx4GEwlow3v6rr4mCcv6prnfwhS01rkgyFdjPNBYd9br7LpXV1+Emh01fHnq2Gdgrw=="],

    "tslib": ["tslib@2.8.1", "", {}, "sha512-oJFu94HQb+KVduSUQL7wnpmqnfmLsOA/nAh6b6EH0wCEoK0/mPeXU6c3wKDV83MkOuHPRHtSXKKU99IBazS/2w=="],

    "typescript": ["typescript@5.9.3", "", { "bin": { "tsc": "bin/tsc", "tsserver": "bin/tsserver" } }, "sha512-jl1vZzPDinLr9eUt3J/t7V6FgNEw9QjvBPdysz9KfQDD41fQrC2Y4vKQdiaUpFT4bXlb1RHhLpp8wtm6M5TgSw=="],

    "undici-types": ["undici-types@7.16.0", "", {}, "sha512-Zz+aZWSj8LE6zoxD+xrjh4VfkIG8Ya6LvYkZqtUQGJPZjYl53ypCaUwWqo7eI0x66KBGeRo+mlBEkMSeSZ38Nw=="],

    "uuid": ["uuid@9.0.1", "", { "bin": { "uuid": "dist/bin/uuid" } }, "sha512-b+1eJOlsR9K8HJpow9Ok3fiWOWSIcIzXodvv0rQjVoOVNpWMpxf1wZNpt4y9h10odCNrqnYp1OBzRktckBe3sA=="],

    "webidl-conversions": ["webidl-conversions@3.0.1", "", {}, "sha512-2JAn3z8AR6rjK8Sm8orRC0h/bcl/DqL7tRPdGZ4I1CjdF+EaMLmYxBHyXuKL849eucPFhvBoxMsflfOb8kxaeQ=="],

    "whatwg-url": ["whatwg-url@5.0.0", "", { "dependencies": { "tr46": "~0.0.3", "webidl-conversions": "^3.0.0" } }, "sha512-saE57nupxk6v3HY35+jzBwYa0rKSy0XR8JSxZPwgLr7ys0IBzhGviA1/TUGJLmSVqs8pb9AnvICXEuOHLprYTw=="],

    "ws": ["ws@8.18.3", "", { "peerDependencies": { "bufferutil": "^4.0.1", "utf-8-validate": ">=5.0.2" }, "optionalPeers": ["bufferutil", "utf-8-validate"] }, "sha512-PEIGCY5tSlUt50cqyMXfCzX+oOPqN0vuGqWzbcJ2xvnkzkq46oOpz7dQaTDBdfICb4N14+GARUDw2XV2N4tvzg=="],

    "zod": ["zod@4.1.13", "", {}, "sha512-AvvthqfqrAhNH9dnfmrfKzX5upOdjUVJYFqNSlkmGf64gRaTzlPwz99IHYnVs28qYAybvAlBV+H7pn0saFY4Ig=="],
  }
}
