{
  "lockfileVersion": 1,
  "configVersion": 1,
  "workspaces": {
    "": {
      "name": "aza-pg",
      "devDependencies": {
        "@bun-security-scanner/osv": "^1.0.0",
        "@pgflow/client": "0.8.1",
        "@pgflow/dsl": "0.8.1",
        "@types/bun": "^1.3.3",
        "arktype": "^2.1.27",
        "bun-git-hooks": "^0.3.1",
        "oxlint": "^1.30.0",
        "prettier": "^3.6.2",
        "sql-formatter": "^15.6.10",
        "squawk-cli": "^2.31.0",
        "typescript": "^5.9.3",
      },
    },
  },
  "trustedDependencies": [
    "squawk-cli",
  ],
  "packages": {
    "@ark/schema": ["@ark/schema@0.55.0", "", { "dependencies": { "@ark/util": "0.55.0" } }, "sha512-IlSIc0FmLKTDGr4I/FzNHauMn0MADA6bCjT1wauu4k6MyxhC1R9gz0olNpIRvK7lGGDwtc/VO0RUDNvVQW5WFg=="],

    "@ark/util": ["@ark/util@0.55.0", "", {}, "sha512-aWFNK7aqSvqFtVsl1xmbTjGbg91uqtJV7Za76YGNEwIO4qLjMfyY8flmmbhooYMuqPCO2jyxu8hve943D+w3bA=="],

    "@bun-security-scanner/osv": ["@bun-security-scanner/osv@1.0.0", "", { "dependencies": { "zod": "^4.1.12" } }, "sha512-hHtsD2VyaF5JGCzJp3pGXykgNyOFQUuG8qJ7TJ5OfNl7xfPO2AnER1aGx/PzvLFJVJI6Qsj+oUt/5vpcdMK8oQ=="],

    "@oxlint/darwin-arm64": ["@oxlint/darwin-arm64@1.30.0", "", { "os": "darwin", "cpu": "arm64" }, "sha512-vIiTk1FBObXHvaG3WK/SpwCZP06fuHhSrn8mK2hEs2uSFWG63WgvLAHSGhI4U1X29JGf36zhfUzuKirDIVdKBQ=="],

    "@oxlint/darwin-x64": ["@oxlint/darwin-x64@1.30.0", "", { "os": "darwin", "cpu": "x64" }, "sha512-DP4ueul8Vza52gJX1/+jyXQjUsgjmPe4Pq5uYOVa8k2V8cKRb2JzBls+DugbeP7yzKNTmlSp3J2mUnHQXuntLA=="],

    "@oxlint/linux-arm64-gnu": ["@oxlint/linux-arm64-gnu@1.30.0", "", { "os": "linux", "cpu": "arm64" }, "sha512-1e9NvTvjzG6t1tnUzNU9HZTVwNwhZw2BDQxwIsXV743g54BIkvyZNNXOEGic/Jw4IuIXHzpX3ztVWZaSzvDopg=="],

    "@oxlint/linux-arm64-musl": ["@oxlint/linux-arm64-musl@1.30.0", "", { "os": "linux", "cpu": "arm64" }, "sha512-szb5RB8Tbk756/z/GAdmUn+H1E2815BbcM7s6JZYQgyCJxR0RCL1yFXgKyz3BjIDqzR98Tw8H3g4TeJbN2etAg=="],

    "@oxlint/linux-x64-gnu": ["@oxlint/linux-x64-gnu@1.30.0", "", { "os": "linux", "cpu": "x64" }, "sha512-yOWGu4a82yA8xLusaznW41IF5ZkvBNz/U++M2/tCYAQUoJKSfJuAS5AhApRMKZLKeX0Vmdagh0YwvC+e98QG0w=="],

    "@oxlint/linux-x64-musl": ["@oxlint/linux-x64-musl@1.30.0", "", { "os": "linux", "cpu": "x64" }, "sha512-qL1902VF4EMTZTZdJEIzzUQ+UD0IbH+IW6dhYZXbP9nTXJnItW1fk4cyJq5zfUVu1IoVwKK2FP1jUMqEsBlWTw=="],

    "@oxlint/win32-arm64": ["@oxlint/win32-arm64@1.30.0", "", { "os": "win32", "cpu": "arm64" }, "sha512-QK6C1djHKI7g1l5g6W9vkz9sd+sn1QJe6PbaV2sWFjVVoT0tO6LWygVWaci09ZHYVJ+lnCbbaFEgZ9jQhIs05A=="],

    "@oxlint/win32-x64": ["@oxlint/win32-x64@1.30.0", "", { "os": "win32", "cpu": "x64" }, "sha512-tbPnJIBUKke9KpceV+DpGyfN3LdhGaEPJHSuD4/mUEwP9Kk6IKSoDNih681RVGhgvaEZg3uHmQr6n9Uh0P3Yrg=="],

    "@pgflow/client": ["@pgflow/client@0.8.1", "", { "dependencies": { "@pgflow/core": "0.8.1", "@pgflow/dsl": "0.8.1", "@supabase/supabase-js": "^2.49.4", "nanoevents": "^7.0.1", "uuid": "^9.0.0" } }, "sha512-HI5xpfS1zlMVTZussORlXpREHCVQ4RZ8184vDZ3yTw2wEbuzboqy0f0LWTgOT/xJcMfc4dSJC6ZGWmICkxpueA=="],

    "@pgflow/core": ["@pgflow/core@0.8.1", "", { "dependencies": { "@pgflow/dsl": "0.8.1", "postgres": "^3.4.5" } }, "sha512-ElLPkKGPjttBsjlLJfn4CcMeiFwtuUhUNuFADwhQjdrg+netkeONY12oxcbPSBMqBWXVAuKriLq+1T1dCPEWPQ=="],

    "@pgflow/dsl": ["@pgflow/dsl@0.8.1", "", {}, "sha512-WJESEZcfdpsXWbmM4GUX9Ma7V72OfrREdM4qGDD9CaLKyiM6Tm6XGEAVsfciYbDcdDwjVMYSjGEQqvYUKXA6fw=="],

    "@supabase/auth-js": ["@supabase/auth-js@2.85.0", "", { "dependencies": { "tslib": "2.8.1" } }, "sha512-SzHoGgR9lPiHrPF2k5uBfMvBmLtMFAEcbB13XRKdyiDVt+CXAxP8cy+DAtTfE2hA7OFTQ9ZZebnI+vre4EAVRQ=="],

    "@supabase/functions-js": ["@supabase/functions-js@2.85.0", "", { "dependencies": { "tslib": "2.8.1" } }, "sha512-iWBTCl7hj90PMbTwF6T39eJZNUHidvrHMAH3GHY5hMWJqt0blzpYlihcXpzyr8i9nG0pQwQSzyCOpqzmeKZDMA=="],

    "@supabase/postgrest-js": ["@supabase/postgrest-js@2.85.0", "", { "dependencies": { "tslib": "2.8.1" } }, "sha512-x2RK81RzVdZA2WAlbmZzR2Mowl13GOCTG20QKzhksYrXZCM6V/Pi+d1CQXjOCmjbLgM4btLpXgy+xkZidmnzqg=="],

    "@supabase/realtime-js": ["@supabase/realtime-js@2.85.0", "", { "dependencies": { "@types/phoenix": "^1.6.6", "@types/ws": "^8.18.1", "tslib": "2.8.1", "ws": "^8.18.2" } }, "sha512-bUQXuZjvZaNN8ySRcXHK+lxbO9VKE2FErT8R2DqhzPwM1cr3NVb3/cr5mke0JsZxpwaIeOOfe4rOsgPNxnPTNA=="],

    "@supabase/storage-js": ["@supabase/storage-js@2.85.0", "", { "dependencies": { "tslib": "2.8.1" } }, "sha512-n+XtubmOnM2/8wthauMlCJLu8a7YUTDnCkMcKhty5Y8qcVpYtfBOruV9/Akvh1cl6SwPDs2cWjD6nBKTd7lPNQ=="],

    "@supabase/supabase-js": ["@supabase/supabase-js@2.85.0", "", { "dependencies": { "@supabase/auth-js": "2.85.0", "@supabase/functions-js": "2.85.0", "@supabase/postgrest-js": "2.85.0", "@supabase/realtime-js": "2.85.0", "@supabase/storage-js": "2.85.0" } }, "sha512-eTu28YKZ6te7Gv9KeDIVo+2/gibYudPng6iW4NovbaAlbRfar6hb2RCdOiJ84hk8O4ERgXgqJCe9hAx5JaZW+A=="],

    "@types/bun": ["@types/bun@1.3.3", "", { "dependencies": { "bun-types": "1.3.3" } }, "sha512-ogrKbJ2X5N0kWLLFKeytG0eHDleBYtngtlbu9cyBKFtNL3cnpDZkNdQj8flVf6WTZUX5ulI9AY1oa7ljhSrp+g=="],

    "@types/node": ["@types/node@24.10.1", "", { "dependencies": { "undici-types": "~7.16.0" } }, "sha512-GNWcUTRBgIRJD5zj+Tq0fKOJ5XZajIiBroOF0yvj2bSU1WvNdYS/dn9UxwsujGW4JX06dnHyjV2y9rRaybH0iQ=="],

    "@types/phoenix": ["@types/phoenix@1.6.6", "", {}, "sha512-PIzZZlEppgrpoT2QgbnDU+MMzuR6BbCjllj0bM70lWoejMeNJAxCchxnv7J3XFkI8MpygtRpzXrIlmWUBclP5A=="],

    "@types/ws": ["@types/ws@8.18.1", "", { "dependencies": { "@types/node": "*" } }, "sha512-ThVF6DCVhA8kUGy+aazFQ4kXQ7E1Ty7A3ypFOe0IcJV8O/M511G99AW24irKrW56Wt44yG9+ij8FaqoBGkuBXg=="],

    "argparse": ["argparse@2.0.1", "", {}, "sha512-8+9WqebbFzpX9OR+Wa6O29asIogeRMzcGtAINdpMHHyAg10f05aSFVBbcEqGf/PXw1EjAZ+q2/bEBg3DvurK3Q=="],

    "arkregex": ["arkregex@0.0.3", "", { "dependencies": { "@ark/util": "0.55.0" } }, "sha512-bU21QJOJEFJK+BPNgv+5bVXkvRxyAvgnon75D92newgHxkBJTgiFwQxusyViYyJkETsddPlHyspshDQcCzmkNg=="],

    "arktype": ["arktype@2.1.27", "", { "dependencies": { "@ark/schema": "0.55.0", "@ark/util": "0.55.0", "arkregex": "0.0.3" } }, "sha512-enctOHxI4SULBv/TDtCVi5M8oLd4J5SVlPUblXDzSsOYQNMzmVbUosGBnJuZDKmFlN5Ie0/QVEuTE+Z5X1UhsQ=="],

    "bun-git-hooks": ["bun-git-hooks@0.3.1", "", { "bin": { "git-hooks": "dist/bin/cli.js", "bun-git-hooks": "dist/bin/cli.js" } }, "sha512-Xs/QUqIYgBmLHSVr5VBLVbM5lZbUoAXKX2WZyoQDb2LlzcxC3BpBvMkMTQH75UuOJZwaRBq8yEe4IR6NckqdgQ=="],

    "bun-types": ["bun-types@1.3.3", "", { "dependencies": { "@types/node": "*" } }, "sha512-z3Xwlg7j2l9JY27x5Qn3Wlyos8YAp0kKRlrePAOjgjMGS5IG6E7Jnlx736vH9UVI4wUICwwhC9anYL++XeOgTQ=="],

    "commander": ["commander@2.20.3", "", {}, "sha512-GpVkmM8vF2vQUkj2LvZmD35JxeJOLCwJ9cUkugyk2nuhbv3+mJvpLYYt+0+USMxE+oj+ey/lJEnhZw75x/OMcQ=="],

    "discontinuous-range": ["discontinuous-range@1.0.0", "", {}, "sha512-c68LpLbO+7kP/b1Hr1qs8/BJ09F5khZGTxqxZuhzxpmwJKOgRFHJWIb9/KmqnqHhLdO55aOxFH/EGBvUQbL/RQ=="],

    "moo": ["moo@0.5.2", "", {}, "sha512-iSAJLHYKnX41mKcJKjqvnAN9sf0LMDTXDEvFv+ffuRR9a1MIuXLjMNL6EsnDHSkKLTWNqQQ5uo61P4EbU4NU+Q=="],

    "nanoevents": ["nanoevents@7.0.1", "", {}, "sha512-o6lpKiCxLeijK4hgsqfR6CNToPyRU3keKyyI6uwuHRvpRTbZ0wXw51WRgyldVugZqoJfkGFrjrIenYH3bfEO3Q=="],

    "nearley": ["nearley@2.20.1", "", { "dependencies": { "commander": "^2.19.0", "moo": "^0.5.0", "railroad-diagrams": "^1.0.0", "randexp": "0.4.6" }, "bin": { "nearleyc": "bin/nearleyc.js", "nearley-test": "bin/nearley-test.js", "nearley-unparse": "bin/nearley-unparse.js", "nearley-railroad": "bin/nearley-railroad.js" } }, "sha512-+Mc8UaAebFzgV+KpI5n7DasuuQCHA89dmwm7JXw3TV43ukfNQ9DnBH3Mdb2g/I4Fdxc26pwimBWvjIw0UAILSQ=="],

    "node-fetch": ["node-fetch@2.6.7", "", { "dependencies": { "whatwg-url": "^5.0.0" }, "peerDependencies": { "encoding": "^0.1.0" }, "optionalPeers": ["encoding"] }, "sha512-ZjMPFEfVx5j+y2yF35Kzx5sF7kDzxuDj6ziH4FFbOp87zKDZNx8yExJIb05OGF4Nlt9IHFIMBkRl41VdvcNdbQ=="],

    "oxlint": ["oxlint@1.30.0", "", { "optionalDependencies": { "@oxlint/darwin-arm64": "1.30.0", "@oxlint/darwin-x64": "1.30.0", "@oxlint/linux-arm64-gnu": "1.30.0", "@oxlint/linux-arm64-musl": "1.30.0", "@oxlint/linux-x64-gnu": "1.30.0", "@oxlint/linux-x64-musl": "1.30.0", "@oxlint/win32-arm64": "1.30.0", "@oxlint/win32-x64": "1.30.0" }, "peerDependencies": { "oxlint-tsgolint": ">=0.8.1" }, "optionalPeers": ["oxlint-tsgolint"], "bin": { "oxlint": "bin/oxlint", "oxc_language_server": "bin/oxc_language_server" } }, "sha512-6Mcpj7Gn26QNRUpue9kRZKQg623mH10kLPl597sNCOfXeUZHTglrc2O54eskHMRA+tR7c0u73nW4GPwSFePLkA=="],

    "postgres": ["postgres@3.4.7", "", {}, "sha512-Jtc2612XINuBjIl/QTWsV5UvE8UHuNblcO3vVADSrKsrc6RqGX6lOW1cEo3CM2v0XG4Nat8nI+YM7/f26VxXLw=="],

    "prettier": ["prettier@3.6.2", "", { "bin": { "prettier": "bin/prettier.cjs" } }, "sha512-I7AIg5boAr5R0FFtJ6rCfD+LFsWHp81dolrFD8S79U9tb8Az2nGrJncnMSnys+bpQJfRUzqs9hnA81OAA3hCuQ=="],

    "railroad-diagrams": ["railroad-diagrams@1.0.0", "", {}, "sha512-cz93DjNeLY0idrCNOH6PviZGRN9GJhsdm9hpn1YCS879fj4W+x5IFJhhkRZcwVgMmFF7R82UA/7Oh+R8lLZg6A=="],

    "randexp": ["randexp@0.4.6", "", { "dependencies": { "discontinuous-range": "1.0.0", "ret": "~0.1.10" } }, "sha512-80WNmd9DA0tmZrw9qQa62GPPWfuXJknrmVmLcxvq4uZBdYqb1wYoKTmnlGUchvVWe0XiLupYkBoXVOxz3C8DYQ=="],

    "ret": ["ret@0.1.15", "", {}, "sha512-TTlYpa+OL+vMMNG24xSlQGEJ3B/RzEfUlLct7b5G/ytav+wPrplCpVMFuwzXbkecJrb6IYo1iFb0S9v37754mg=="],

    "sql-formatter": ["sql-formatter@15.6.10", "", { "dependencies": { "argparse": "^2.0.1", "nearley": "^2.20.1" }, "bin": { "sql-formatter": "bin/sql-formatter-cli.cjs" } }, "sha512-0bJOPQrRO/JkjQhiThVayq0hOKnI1tHI+2OTkmT7TGtc6kqS+V7kveeMzRW+RNQGxofmTmet9ILvztyuxv0cJQ=="],

    "squawk-cli": ["squawk-cli@2.31.0", "", { "dependencies": { "node-fetch": "2.6.7" }, "bin": { "squawk": "js/bin/squawk" } }, "sha512-buyxCPUzV8NyFyoRSrbaGJBwsEB5gyBfLgL5iSqAO3LbjEpvXgImgx9gIXnJ715lhiORI/y9GLkhv7DL1nyLSA=="],

    "tr46": ["tr46@0.0.3", "", {}, "sha512-N3WMsuqV66lT30CrXNbEjx4GEwlow3v6rr4mCcv6prnfwhS01rkgyFdjPNBYd9br7LpXV1+Emh01fHnq2Gdgrw=="],

    "tslib": ["tslib@2.8.1", "", {}, "sha512-oJFu94HQb+KVduSUQL7wnpmqnfmLsOA/nAh6b6EH0wCEoK0/mPeXU6c3wKDV83MkOuHPRHtSXKKU99IBazS/2w=="],

    "typescript": ["typescript@5.9.3", "", { "bin": { "tsc": "bin/tsc", "tsserver": "bin/tsserver" } }, "sha512-jl1vZzPDinLr9eUt3J/t7V6FgNEw9QjvBPdysz9KfQDD41fQrC2Y4vKQdiaUpFT4bXlb1RHhLpp8wtm6M5TgSw=="],

    "undici-types": ["undici-types@7.16.0", "", {}, "sha512-Zz+aZWSj8LE6zoxD+xrjh4VfkIG8Ya6LvYkZqtUQGJPZjYl53ypCaUwWqo7eI0x66KBGeRo+mlBEkMSeSZ38Nw=="],

    "uuid": ["uuid@9.0.1", "", { "bin": { "uuid": "dist/bin/uuid" } }, "sha512-b+1eJOlsR9K8HJpow9Ok3fiWOWSIcIzXodvv0rQjVoOVNpWMpxf1wZNpt4y9h10odCNrqnYp1OBzRktckBe3sA=="],

    "webidl-conversions": ["webidl-conversions@3.0.1", "", {}, "sha512-2JAn3z8AR6rjK8Sm8orRC0h/bcl/DqL7tRPdGZ4I1CjdF+EaMLmYxBHyXuKL849eucPFhvBoxMsflfOb8kxaeQ=="],

    "whatwg-url": ["whatwg-url@5.0.0", "", { "dependencies": { "tr46": "~0.0.3", "webidl-conversions": "^3.0.0" } }, "sha512-saE57nupxk6v3HY35+jzBwYa0rKSy0XR8JSxZPwgLr7ys0IBzhGviA1/TUGJLmSVqs8pb9AnvICXEuOHLprYTw=="],

    "ws": ["ws@8.18.3", "", { "peerDependencies": { "bufferutil": "^4.0.1", "utf-8-validate": ">=5.0.2" }, "optionalPeers": ["bufferutil", "utf-8-validate"] }, "sha512-PEIGCY5tSlUt50cqyMXfCzX+oOPqN0vuGqWzbcJ2xvnkzkq46oOpz7dQaTDBdfICb4N14+GARUDw2XV2N4tvzg=="],

    "zod": ["zod@4.1.13", "", {}, "sha512-AvvthqfqrAhNH9dnfmrfKzX5upOdjUVJYFqNSlkmGf64gRaTzlPwz99IHYnVs28qYAybvAlBV+H7pn0saFY4Ig=="],
  }
}
